
Microsoft Visual Studio Solution File, Format Version 12.00
# Visual Studio Version 17
VisualStudioVersion = 17.5.002.0
MinimumVisualStudioVersion = 10.0.40219.1
Project("{2150E333-8FDC-42A3-9474-1A3956D46DE8}") = "week01", "week01", "{C269B746-505E-4457-8D06-4DD48B60C6D7}"
EndProject
Project("{9A19103F-16F7-4668-BE54-9A1E7A4F7556}") = "code", "week01\code\code.csproj", "{5B7F26D3-D952-4CBE-95A3-5E98A5325658}"
EndProject
Project("{9A19103F-16F7-4668-BE54-9A1E7A4F7556}") = "analyze", "week01\analyze\analyze.csproj", "{77E12D22-175C-42CE-9701-8B485A7EB7BA}"
EndProject
Project("{9A19103F-16F7-4668-BE54-9A1E7A4F7556}") = "teach", "week01\teach\teach.csproj", "{94D80632-7747-4D81-BF55-1D6E7DB0A004}"
EndProject
Project("{2150E333-8FDC-42A3-9474-1A3956D46DE8}") = "week06", "week06", "{77FD7E82-4B70-43D0-9090-E48AF6D2F999}"
EndProject
Project("{9A19103F-16F7-4668-BE54-9A1E7A4F7556}") = "code", "week06\code\code.csproj", "{E9F1E82D-4146-45A8-9440-7142E467F705}"
EndProject
Project("{2150E333-8FDC-42A3-9474-1A3956D46DE8}") = "sandbox", "sandbox", "{9E2AE43F-C631-4F09-A97B-8DFAA3D76EE9}"
EndProject
Project("{9A19103F-16F7-4668-BE54-9A1E7A4F7556}") = "sandbox_project", "sandbox\sandbox_project\sandbox_project.csproj", "{B043AA4A-025A-4662-9915-853544B5B277}"
EndProject
Project("{2150E333-8FDC-42A3-9474-1A3956D46DE8}") = "week05", "week05", "{E1F9EF8E-AB51-4184-AC3E-C39FCB18F130}"
EndProject
Project("{9A19103F-16F7-4668-BE54-9A1E7A4F7556}") = "code", "week05\code\code.csproj", "{84E213F6-7098-460D-82C7-E2B491AA087E}"
EndProject
Project("{2150E333-8FDC-42A3-9474-1A3956D46DE8}") = "week02", "week02", "{90F0A519-D0B5-47D7-B9BE-56CEB477A197}"
EndProject
Project("{9A19103F-16F7-4668-BE54-9A1E7A4F7556}") = "learn", "week02\learn\learn.csproj", "{C942201C-F902-444F-9B28-321BE5D12CA6}"
EndProject
Project("{9A19103F-16F7-4668-BE54-9A1E7A4F7556}") = "code", "week02\code\code.csproj", "{6475E08B-A3A1-4CFD-9BC0-E9CB1AF44A83}"
EndProject
Project("{9A19103F-16F7-4668-BE54-9A1E7A4F7556}") = "analyze", "week02\analyze\analyze.csproj", "{F6449D56-7660-4247-904A-5FFC9F0097E1}"
EndProject
Project("{9A19103F-16F7-4668-BE54-9A1E7A4F7556}") = "teach", "week02\teach\teach.csproj", "{4E700FB7-DDF5-41C2-B738-2C5C69136B6B}"
EndProject
Project("{2150E333-8FDC-42A3-9474-1A3956D46DE8}") = "week03", "week03", "{F5C0B443-3C0B-4FCC-8091-38E885CCDB32}"
EndProject
Project("{9A19103F-16F7-4668-BE54-9A1E7A4F7556}") = "learn", "week03\learn\learn.csproj", "{0D765A6A-2820-4077-81DE-A3CE8E98B1B4}"
EndProject
Project("{9A19103F-16F7-4668-BE54-9A1E7A4F7556}") = "code", "week03\code\code.csproj", "{5FA97A55-B15A-4D42-9432-17EFD73CC8A1}"
EndProject
Project("{9A19103F-16F7-4668-BE54-9A1E7A4F7556}") = "teach", "week03\teach\teach.csproj", "{A5FAFCBB-8FBA-4188-A852-3050D6BC2619}"
EndProject
Project("{2150E333-8FDC-42A3-9474-1A3956D46DE8}") = "week04", "week04", "{8988A32F-BE9F-4AB4-B011-2B7A26502004}"
EndProject
Project("{9A19103F-16F7-4668-BE54-9A1E7A4F7556}") = "code", "week04\code\code.csproj", "{FCA7BC21-1289-4215-A58A-F8E448A15E65}"
EndProject
Global
	GlobalSection(SolutionConfigurationPlatforms) = preSolution
		Debug|Any CPU = Debug|Any CPU
		Release|Any CPU = Release|Any CPU
	EndGlobalSection
	GlobalSection(ProjectConfigurationPlatforms) = postSolution
		{5B7F26D3-D952-4CBE-95A3-5E98A5325658}.Debug|Any CPU.ActiveCfg = Debug|Any CPU
		{5B7F26D3-D952-4CBE-95A3-5E98A5325658}.Debug|Any CPU.Build.0 = Debug|Any CPU
		{5B7F26D3-D952-4CBE-95A3-5E98A5325658}.Release|Any CPU.ActiveCfg = Release|Any CPU
		{5B7F26D3-D952-4CBE-95A3-5E98A5325658}.Release|Any CPU.Build.0 = Release|Any CPU
		{77E12D22-175C-42CE-9701-8B485A7EB7BA}.Debug|Any CPU.ActiveCfg = Debug|Any CPU
		{77E12D22-175C-42CE-9701-8B485A7EB7BA}.Debug|Any CPU.Build.0 = Debug|Any CPU
		{77E12D22-175C-42CE-9701-8B485A7EB7BA}.Release|Any CPU.ActiveCfg = Release|Any CPU
		{77E12D22-175C-42CE-9701-8B485A7EB7BA}.Release|Any CPU.Build.0 = Release|Any CPU
		{94D80632-7747-4D81-BF55-1D6E7DB0A004}.Debug|Any CPU.ActiveCfg = Debug|Any CPU
		{94D80632-7747-4D81-BF55-1D6E7DB0A004}.Debug|Any CPU.Build.0 = Debug|Any CPU
		{94D80632-7747-4D81-BF55-1D6E7DB0A004}.Release|Any CPU.ActiveCfg = Release|Any CPU
		{94D80632-7747-4D81-BF55-1D6E7DB0A004}.Release|Any CPU.Build.0 = Release|Any CPU
		{E9F1E82D-4146-45A8-9440-7142E467F705}.Debug|Any CPU.ActiveCfg = Debug|Any CPU
		{E9F1E82D-4146-45A8-9440-7142E467F705}.Debug|Any CPU.Build.0 = Debug|Any CPU
		{E9F1E82D-4146-45A8-9440-7142E467F705}.Release|Any CPU.ActiveCfg = Release|Any CPU
		{E9F1E82D-4146-45A8-9440-7142E467F705}.Release|Any CPU.Build.0 = Release|Any CPU
		{B043AA4A-025A-4662-9915-853544B5B277}.Debug|Any CPU.ActiveCfg = Debug|Any CPU
		{B043AA4A-025A-4662-9915-853544B5B277}.Debug|Any CPU.Build.0 = Debug|Any CPU
		{B043AA4A-025A-4662-9915-853544B5B277}.Release|Any CPU.ActiveCfg = Release|Any CPU
		{B043AA4A-025A-4662-9915-853544B5B277}.Release|Any CPU.Build.0 = Release|Any CPU
		{84E213F6-7098-460D-82C7-E2B491AA087E}.Debug|Any CPU.ActiveCfg = Debug|Any CPU
		{84E213F6-7098-460D-82C7-E2B491AA087E}.Debug|Any CPU.Build.0 = Debug|Any CPU
		{84E213F6-7098-460D-82C7-E2B491AA087E}.Release|Any CPU.ActiveCfg = Release|Any CPU
		{84E213F6-7098-460D-82C7-E2B491AA087E}.Release|Any CPU.Build.0 = Release|Any CPU
		{C942201C-F902-444F-9B28-321BE5D12CA6}.Debug|Any CPU.ActiveCfg = Debug|Any CPU
		{C942201C-F902-444F-9B28-321BE5D12CA6}.Debug|Any CPU.Build.0 = Debug|Any CPU
		{C942201C-F902-444F-9B28-321BE5D12CA6}.Release|Any CPU.ActiveCfg = Release|Any CPU
		{C942201C-F902-444F-9B28-321BE5D12CA6}.Release|Any CPU.Build.0 = Release|Any CPU
		{6475E08B-A3A1-4CFD-9BC0-E9CB1AF44A83}.Debug|Any CPU.ActiveCfg = Debug|Any CPU
		{6475E08B-A3A1-4CFD-9BC0-E9CB1AF44A83}.Debug|Any CPU.Build.0 = Debug|Any CPU
		{6475E08B-A3A1-4CFD-9BC0-E9CB1AF44A83}.Release|Any CPU.ActiveCfg = Release|Any CPU
		{6475E08B-A3A1-4CFD-9BC0-E9CB1AF44A83}.Release|Any CPU.Build.0 = Release|Any CPU
		{F6449D56-7660-4247-904A-5FFC9F0097E1}.Debug|Any CPU.ActiveCfg = Debug|Any CPU
		{F6449D56-7660-4247-904A-5FFC9F0097E1}.Debug|Any CPU.Build.0 = Debug|Any CPU
		{F6449D56-7660-4247-904A-5FFC9F0097E1}.Release|Any CPU.ActiveCfg = Release|Any CPU
		{F6449D56-7660-4247-904A-5FFC9F0097E1}.Release|Any CPU.Build.0 = Release|Any CPU
		{4E700FB7-DDF5-41C2-B738-2C5C69136B6B}.Debug|Any CPU.ActiveCfg = Debug|Any CPU
		{4E700FB7-DDF5-41C2-B738-2C5C69136B6B}.Debug|Any CPU.Build.0 = Debug|Any CPU
		{4E700FB7-DDF5-41C2-B738-2C5C69136B6B}.Release|Any CPU.ActiveCfg = Release|Any CPU
		{4E700FB7-DDF5-41C2-B738-2C5C69136B6B}.Release|Any CPU.Build.0 = Release|Any CPU
		{0D765A6A-2820-4077-81DE-A3CE8E98B1B4}.Debug|Any CPU.ActiveCfg = Debug|Any CPU
		{0D765A6A-2820-4077-81DE-A3CE8E98B1B4}.Debug|Any CPU.Build.0 = Debug|Any CPU
		{0D765A6A-2820-4077-81DE-A3CE8E98B1B4}.Release|Any CPU.ActiveCfg = Release|Any CPU
		{0D765A6A-2820-4077-81DE-A3CE8E98B1B4}.Release|Any CPU.Build.0 = Release|Any CPU
		{5FA97A55-B15A-4D42-9432-17EFD73CC8A1}.Debug|Any CPU.ActiveCfg = Debug|Any CPU
		{5FA97A55-B15A-4D42-9432-17EFD73CC8A1}.Debug|Any CPU.Build.0 = Debug|Any CPU
		{5FA97A55-B15A-4D42-9432-17EFD73CC8A1}.Release|Any CPU.ActiveCfg = Release|Any CPU
		{5FA97A55-B15A-4D42-9432-17EFD73CC8A1}.Release|Any CPU.Build.0 = Release|Any CPU
		{A5FAFCBB-8FBA-4188-A852-3050D6BC2619}.Debug|Any CPU.ActiveCfg = Debug|Any CPU
		{A5FAFCBB-8FBA-4188-A852-3050D6BC2619}.Debug|Any CPU.Build.0 = Debug|Any CPU
		{A5FAFCBB-8FBA-4188-A852-3050D6BC2619}.Release|Any CPU.ActiveCfg = Release|Any CPU
		{A5FAFCBB-8FBA-4188-A852-3050D6BC2619}.Release|Any CPU.Build.0 = Release|Any CPU
		{FCA7BC21-1289-4215-A58A-F8E448A15E65}.Debug|Any CPU.ActiveCfg = Debug|Any CPU
		{FCA7BC21-1289-4215-A58A-F8E448A15E65}.Debug|Any CPU.Build.0 = Debug|Any CPU
		{FCA7BC21-1289-4215-A58A-F8E448A15E65}.Release|Any CPU.ActiveCfg = Release|Any CPU
		{FCA7BC21-1289-4215-A58A-F8E448A15E65}.Release|Any CPU.Build.0 = Release|Any CPU
	EndGlobalSection
	GlobalSection(SolutionProperties) = preSolution
		HideSolutionNode = FALSE
	EndGlobalSection
	GlobalSection(NestedProjects) = preSolution
		{5B7F26D3-D952-4CBE-95A3-5E98A5325658} = {C269B746-505E-4457-8D06-4DD48B60C6D7}
		{77E12D22-175C-42CE-9701-8B485A7EB7BA} = {C269B746-505E-4457-8D06-4DD48B60C6D7}
		{94D80632-7747-4D81-BF55-1D6E7DB0A004} = {C269B746-505E-4457-8D06-4DD48B60C6D7}
		{E9F1E82D-4146-45A8-9440-7142E467F705} = {77FD7E82-4B70-43D0-9090-E48AF6D2F999}
		{B043AA4A-025A-4662-9915-853544B5B277} = {9E2AE43F-C631-4F09-A97B-8DFAA3D76EE9}
		{84E213F6-7098-460D-82C7-E2B491AA087E} = {E1F9EF8E-AB51-4184-AC3E-C39FCB18F130}
		{C942201C-F902-444F-9B28-321BE5D12CA6} = {90F0A519-D0B5-47D7-B9BE-56CEB477A197}
		{6475E08B-A3A1-4CFD-9BC0-E9CB1AF44A83} = {90F0A519-D0B5-47D7-B9BE-56CEB477A197}
		{F6449D56-7660-4247-904A-5FFC9F0097E1} = {90F0A519-D0B5-47D7-B9BE-56CEB477A197}
		{4E700FB7-DDF5-41C2-B738-2C5C69136B6B} = {90F0A519-D0B5-47D7-B9BE-56CEB477A197}
		{0D765A6A-2820-4077-81DE-A3CE8E98B1B4} = {F5C0B443-3C0B-4FCC-8091-38E885CCDB32}
		{5FA97A55-B15A-4D42-9432-17EFD73CC8A1} = {F5C0B443-3C0B-4FCC-8091-38E885CCDB32}
		{A5FAFCBB-8FBA-4188-A852-3050D6BC2619} = {F5C0B443-3C0B-4FCC-8091-38E885CCDB32}
		{FCA7BC21-1289-4215-A58A-F8E448A15E65} = {8988A32F-BE9F-4AB4-B011-2B7A26502004}
	EndGlobalSection
	GlobalSection(ExtensibilityGlobals) = postSolution
		SolutionGuid = {E3C6BF8B-D869-4052-8C53-90AEB9CD71A6}
	EndGlobalSection
EndGlobal
